
Microsoft Visual Studio Solution File, Format Version 12.00
# Visual Studio 15
VisualStudioVersion = 15.0.26730.16
MinimumVisualStudioVersion = 10.0.40219.1
Project("{8BC9CEB8-8B4A-11D0-8D11-00A0C91BC942}") = "CSS_501A_Assg01_Punchards", "CSS_501A_Assg01_Punchards\CSS_501A_Assg01_Punchards.vcxproj", "{BFB4F4F0-7D69-4691-AB65-24BF32E9645B}"
EndProject
Global
	GlobalSection(SolutionConfigurationPlatforms) = preSolution
		Debug|x64 = Debug|x64
		Debug|x86 = Debug|x86
		Release|x64 = Release|x64
		Release|x86 = Release|x86
	EndGlobalSection
	GlobalSection(ProjectConfigurationPlatforms) = postSolution
		{BFB4F4F0-7D69-4691-AB65-24BF32E9645B}.Debug|x64.ActiveCfg = Debug|x64
		{BFB4F4F0-7D69-4691-AB65-24BF32E9645B}.Debug|x64.Build.0 = Debug|x64
		{BFB4F4F0-7D69-4691-AB65-24BF32E9645B}.Debug|x86.ActiveCfg = Debug|Win32
		{BFB4F4F0-7D69-4691-AB65-24BF32E9645B}.Debug|x86.Build.0 = Debug|Win32
		{BFB4F4F0-7D69-4691-AB65-24BF32E9645B}.Release|x64.ActiveCfg = Release|x64
		{BFB4F4F0-7D69-4691-AB65-24BF32E9645B}.Release|x64.Build.0 = Release|x64
		{BFB4F4F0-7D69-4691-AB65-24BF32E9645B}.Release|x86.ActiveCfg = Release|Win32
		{BFB4F4F0-7D69-4691-AB65-24BF32E9645B}.Release|x86.Build.0 = Release|Win32
	EndGlobalSection
	GlobalSection(SolutionProperties) = preSolution
		HideSolutionNode = FALSE
	EndGlobalSection
	GlobalSection(ExtensibilityGlobals) = postSolution
		SolutionGuid = {12F50D3E-0868-4874-A903-749C4335D1A7}
	EndGlobalSection
EndGlobal
